// !$*UTF8*$!
{
	archiveVersion = 1;
	classes = {
	};
	objectVersion = 56;
	objects = {

/* Begin PBXBuildFile section */
		25FAAE8B1D654A921BAE3D06 /* Pods_DaumSports_DaumSportsUITests.framework in Frameworks */ = {isa = PBXBuildFile; fileRef = DD46E489D50EFFD553B5611A /* Pods_DaumSports_DaumSportsUITests.framework */; };
		B2BC47C2A73C70DCAF147327 /* Pods_DaumSports.framework in Frameworks */ = {isa = PBXBuildFile; fileRef = 3435102FC196A66FE59C42A4 /* Pods_DaumSports.framework */; };
		B5B363302BBC335700C47759 /* ViewModel.swift in Sources */ = {isa = PBXBuildFile; fileRef = B5B3632F2BBC335700C47759 /* ViewModel.swift */; };
		B5BFCACF2BC3E42800D62D11 /* CustomCollectionHeaderReusableView.swift in Sources */ = {isa = PBXBuildFile; fileRef = B5BFCACE2BC3E42800D62D11 /* CustomCollectionHeaderReusableView.swift */; };
		B5BFCADD2BC4222200D62D11 /* checkboxImage_filled.png in Resources */ = {isa = PBXBuildFile; fileRef = B5BFCADB2BC4222200D62D11 /* checkboxImage_filled.png */; };
		B5BFCADE2BC4222200D62D11 /* checkboxImage.png in Resources */ = {isa = PBXBuildFile; fileRef = B5BFCADC2BC4222200D62D11 /* checkboxImage.png */; };
		B5C68C292AEB50FA00576FA8 /* AppDelegate.swift in Sources */ = {isa = PBXBuildFile; fileRef = B5C68C282AEB50FA00576FA8 /* AppDelegate.swift */; };
		B5C68C2B2AEB50FA00576FA8 /* SceneDelegate.swift in Sources */ = {isa = PBXBuildFile; fileRef = B5C68C2A2AEB50FA00576FA8 /* SceneDelegate.swift */; };
		B5C68C2D2AEB50FA00576FA8 /* ViewController.swift in Sources */ = {isa = PBXBuildFile; fileRef = B5C68C2C2AEB50FA00576FA8 /* ViewController.swift */; };
		B5C68C322AEB50FB00576FA8 /* Assets.xcassets in Resources */ = {isa = PBXBuildFile; fileRef = B5C68C312AEB50FB00576FA8 /* Assets.xcassets */; };
		B5C68C352AEB50FB00576FA8 /* LaunchScreen.storyboard in Resources */ = {isa = PBXBuildFile; fileRef = B5C68C332AEB50FB00576FA8 /* LaunchScreen.storyboard */; };
		B5C68C402AEB50FB00576FA8 /* DaumSportsTests.swift in Sources */ = {isa = PBXBuildFile; fileRef = B5C68C3F2AEB50FB00576FA8 /* DaumSportsTests.swift */; };
		B5C68C4A2AEB50FB00576FA8 /* DaumSportsUITests.swift in Sources */ = {isa = PBXBuildFile; fileRef = B5C68C492AEB50FB00576FA8 /* DaumSportsUITests.swift */; };
		B5C68C4C2AEB50FB00576FA8 /* DaumSportsUITestsLaunchTests.swift in Sources */ = {isa = PBXBuildFile; fileRef = B5C68C4B2AEB50FB00576FA8 /* DaumSportsUITestsLaunchTests.swift */; };
		B5C68C592AEBD96A00576FA8 /* Model.swift in Sources */ = {isa = PBXBuildFile; fileRef = B5C68C582AEBD96A00576FA8 /* Model.swift */; };
		B5EC2E9C2BBEAA9900ABB935 /* CollectionViewCell.swift in Sources */ = {isa = PBXBuildFile; fileRef = B5EC2E9B2BBEAA9900ABB935 /* CollectionViewCell.swift */; };
		FF4E22F7F1228202721AC920 /* Pods_DaumSportsTests.framework in Frameworks */ = {isa = PBXBuildFile; fileRef = D5706289ABAF969FC093EBF0 /* Pods_DaumSportsTests.framework */; };
/* End PBXBuildFile section */

/* Begin PBXContainerItemProxy section */
		B5C68C3C2AEB50FB00576FA8 /* PBXContainerItemProxy */ = {
			isa = PBXContainerItemProxy;
			containerPortal = B5C68C1D2AEB50FA00576FA8 /* Project object */;
			proxyType = 1;
			remoteGlobalIDString = B5C68C242AEB50FA00576FA8;
			remoteInfo = DaumSports;
		};
		B5C68C462AEB50FB00576FA8 /* PBXContainerItemProxy */ = {
			isa = PBXContainerItemProxy;
			containerPortal = B5C68C1D2AEB50FA00576FA8 /* Project object */;
			proxyType = 1;
			remoteGlobalIDString = B5C68C242AEB50FA00576FA8;
			remoteInfo = DaumSports;
		};
/* End PBXContainerItemProxy section */

/* Begin PBXFileReference section */
		03331B0D0D5B7A6EA07E370C /* Pods-DaumSports.release.xcconfig */ = {isa = PBXFileReference; includeInIndex = 1; lastKnownFileType = text.xcconfig; name = "Pods-DaumSports.release.xcconfig"; path = "Target Support Files/Pods-DaumSports/Pods-DaumSports.release.xcconfig"; sourceTree = "<group>"; };
		0A4FA16BE238BFCBF50D0E6C /* Pods-DaumSports.debug.xcconfig */ = {isa = PBXFileReference; includeInIndex = 1; lastKnownFileType = text.xcconfig; name = "Pods-DaumSports.debug.xcconfig"; path = "Target Support Files/Pods-DaumSports/Pods-DaumSports.debug.xcconfig"; sourceTree = "<group>"; };
		3435102FC196A66FE59C42A4 /* Pods_DaumSports.framework */ = {isa = PBXFileReference; explicitFileType = wrapper.framework; includeInIndex = 0; path = Pods_DaumSports.framework; sourceTree = BUILT_PRODUCTS_DIR; };
		6C2D67FFE89BC8416D11F33F /* Pods-DaumSportsTests.release.xcconfig */ = {isa = PBXFileReference; includeInIndex = 1; lastKnownFileType = text.xcconfig; name = "Pods-DaumSportsTests.release.xcconfig"; path = "Target Support Files/Pods-DaumSportsTests/Pods-DaumSportsTests.release.xcconfig"; sourceTree = "<group>"; };
		9F5BA38DB6DFD8C8F91B8CFC /* Pods-DaumSports-DaumSportsUITests.debug.xcconfig */ = {isa = PBXFileReference; includeInIndex = 1; lastKnownFileType = text.xcconfig; name = "Pods-DaumSports-DaumSportsUITests.debug.xcconfig"; path = "Target Support Files/Pods-DaumSports-DaumSportsUITests/Pods-DaumSports-DaumSportsUITests.debug.xcconfig"; sourceTree = "<group>"; };
		B5B3632F2BBC335700C47759 /* ViewModel.swift */ = {isa = PBXFileReference; lastKnownFileType = sourcecode.swift; path = ViewModel.swift; sourceTree = "<group>"; };
		B5BFCACE2BC3E42800D62D11 /* CustomCollectionHeaderReusableView.swift */ = {isa = PBXFileReference; lastKnownFileType = sourcecode.swift; path = CustomCollectionHeaderReusableView.swift; sourceTree = "<group>"; };
		B5BFCADB2BC4222200D62D11 /* checkboxImage_filled.png */ = {isa = PBXFileReference; lastKnownFileType = image.png; path = checkboxImage_filled.png; sourceTree = "<group>"; };
		B5BFCADC2BC4222200D62D11 /* checkboxImage.png */ = {isa = PBXFileReference; lastKnownFileType = image.png; path = checkboxImage.png; sourceTree = "<group>"; };
		B5C68C252AEB50FA00576FA8 /* DaumSports.app */ = {isa = PBXFileReference; explicitFileType = wrapper.application; includeInIndex = 0; path = DaumSports.app; sourceTree = BUILT_PRODUCTS_DIR; };
		B5C68C282AEB50FA00576FA8 /* AppDelegate.swift */ = {isa = PBXFileReference; lastKnownFileType = sourcecode.swift; path = AppDelegate.swift; sourceTree = "<group>"; };
		B5C68C2A2AEB50FA00576FA8 /* SceneDelegate.swift */ = {isa = PBXFileReference; lastKnownFileType = sourcecode.swift; path = SceneDelegate.swift; sourceTree = "<group>"; };
		B5C68C2C2AEB50FA00576FA8 /* ViewController.swift */ = {isa = PBXFileReference; lastKnownFileType = sourcecode.swift; path = ViewController.swift; sourceTree = "<group>"; };
		B5C68C312AEB50FB00576FA8 /* Assets.xcassets */ = {isa = PBXFileReference; lastKnownFileType = folder.assetcatalog; path = Assets.xcassets; sourceTree = "<group>"; };
		B5C68C342AEB50FB00576FA8 /* Base */ = {isa = PBXFileReference; lastKnownFileType = file.storyboard; name = Base; path = Base.lproj/LaunchScreen.storyboard; sourceTree = "<group>"; };
		B5C68C362AEB50FB00576FA8 /* Info.plist */ = {isa = PBXFileReference; lastKnownFileType = text.plist.xml; path = Info.plist; sourceTree = "<group>"; };
		B5C68C3B2AEB50FB00576FA8 /* DaumSportsTests.xctest */ = {isa = PBXFileReference; explicitFileType = wrapper.cfbundle; includeInIndex = 0; path = DaumSportsTests.xctest; sourceTree = BUILT_PRODUCTS_DIR; };
		B5C68C3F2AEB50FB00576FA8 /* DaumSportsTests.swift */ = {isa = PBXFileReference; lastKnownFileType = sourcecode.swift; path = DaumSportsTests.swift; sourceTree = "<group>"; };
		B5C68C452AEB50FB00576FA8 /* DaumSportsUITests.xctest */ = {isa = PBXFileReference; explicitFileType = wrapper.cfbundle; includeInIndex = 0; path = DaumSportsUITests.xctest; sourceTree = BUILT_PRODUCTS_DIR; };
		B5C68C492AEB50FB00576FA8 /* DaumSportsUITests.swift */ = {isa = PBXFileReference; lastKnownFileType = sourcecode.swift; path = DaumSportsUITests.swift; sourceTree = "<group>"; };
		B5C68C4B2AEB50FB00576FA8 /* DaumSportsUITestsLaunchTests.swift */ = {isa = PBXFileReference; lastKnownFileType = sourcecode.swift; path = DaumSportsUITestsLaunchTests.swift; sourceTree = "<group>"; };
		B5C68C582AEBD96A00576FA8 /* Model.swift */ = {isa = PBXFileReference; lastKnownFileType = sourcecode.swift; path = Model.swift; sourceTree = "<group>"; };
		B5EC2E9B2BBEAA9900ABB935 /* CollectionViewCell.swift */ = {isa = PBXFileReference; lastKnownFileType = sourcecode.swift; path = CollectionViewCell.swift; sourceTree = "<group>"; };
		B6A2F3AE03AA7DE2642A5592 /* Pods-DaumSports-DaumSportsUITests.release.xcconfig */ = {isa = PBXFileReference; includeInIndex = 1; lastKnownFileType = text.xcconfig; name = "Pods-DaumSports-DaumSportsUITests.release.xcconfig"; path = "Target Support Files/Pods-DaumSports-DaumSportsUITests/Pods-DaumSports-DaumSportsUITests.release.xcconfig"; sourceTree = "<group>"; };
		C5305393863C7D4517EBA956 /* Pods-DaumSportsTests.debug.xcconfig */ = {isa = PBXFileReference; includeInIndex = 1; lastKnownFileType = text.xcconfig; name = "Pods-DaumSportsTests.debug.xcconfig"; path = "Target Support Files/Pods-DaumSportsTests/Pods-DaumSportsTests.debug.xcconfig"; sourceTree = "<group>"; };
		D5706289ABAF969FC093EBF0 /* Pods_DaumSportsTests.framework */ = {isa = PBXFileReference; explicitFileType = wrapper.framework; includeInIndex = 0; path = Pods_DaumSportsTests.framework; sourceTree = BUILT_PRODUCTS_DIR; };
		DD46E489D50EFFD553B5611A /* Pods_DaumSports_DaumSportsUITests.framework */ = {isa = PBXFileReference; explicitFileType = wrapper.framework; includeInIndex = 0; path = Pods_DaumSports_DaumSportsUITests.framework; sourceTree = BUILT_PRODUCTS_DIR; };
/* End PBXFileReference section */

/* Begin PBXFrameworksBuildPhase section */
		B5C68C222AEB50FA00576FA8 /* Frameworks */ = {
			isa = PBXFrameworksBuildPhase;
			buildActionMask = 2147483647;
			files = (
				B2BC47C2A73C70DCAF147327 /* Pods_DaumSports.framework in Frameworks */,
			);
			runOnlyForDeploymentPostprocessing = 0;
		};
		B5C68C382AEB50FB00576FA8 /* Frameworks */ = {
			isa = PBXFrameworksBuildPhase;
			buildActionMask = 2147483647;
			files = (
				FF4E22F7F1228202721AC920 /* Pods_DaumSportsTests.framework in Frameworks */,
			);
			runOnlyForDeploymentPostprocessing = 0;
		};
		B5C68C422AEB50FB00576FA8 /* Frameworks */ = {
			isa = PBXFrameworksBuildPhase;
			buildActionMask = 2147483647;
			files = (
				25FAAE8B1D654A921BAE3D06 /* Pods_DaumSports_DaumSportsUITests.framework in Frameworks */,
			);
			runOnlyForDeploymentPostprocessing = 0;
		};
/* End PBXFrameworksBuildPhase section */

/* Begin PBXGroup section */
		39EC2849319B47A65C9DEC8E /* Pods */ = {
			isa = PBXGroup;
			children = (
				0A4FA16BE238BFCBF50D0E6C /* Pods-DaumSports.debug.xcconfig */,
				03331B0D0D5B7A6EA07E370C /* Pods-DaumSports.release.xcconfig */,
				9F5BA38DB6DFD8C8F91B8CFC /* Pods-DaumSports-DaumSportsUITests.debug.xcconfig */,
				B6A2F3AE03AA7DE2642A5592 /* Pods-DaumSports-DaumSportsUITests.release.xcconfig */,
				C5305393863C7D4517EBA956 /* Pods-DaumSportsTests.debug.xcconfig */,
				6C2D67FFE89BC8416D11F33F /* Pods-DaumSportsTests.release.xcconfig */,
			);
			name = Pods;
			path = Pods;
			sourceTree = "<group>";
		};
		9839D3346B1804BD0ECE711B /* Frameworks */ = {
			isa = PBXGroup;
			children = (
				3435102FC196A66FE59C42A4 /* Pods_DaumSports.framework */,
				DD46E489D50EFFD553B5611A /* Pods_DaumSports_DaumSportsUITests.framework */,
				D5706289ABAF969FC093EBF0 /* Pods_DaumSportsTests.framework */,
			);
			name = Frameworks;
			sourceTree = "<group>";
		};
		B5BFCAD02BC4181E00D62D11 /* Model */ = {
			isa = PBXGroup;
			children = (
				B5C68C582AEBD96A00576FA8 /* Model.swift */,
			);
			path = Model;
			sourceTree = "<group>";
		};
		B5BFCAD12BC4182A00D62D11 /* ViewModel */ = {
			isa = PBXGroup;
			children = (
				B5B3632F2BBC335700C47759 /* ViewModel.swift */,
			);
			path = ViewModel;
			sourceTree = "<group>";
		};
		B5BFCAD22BC4183100D62D11 /* ViewController */ = {
			isa = PBXGroup;
			children = (
				B5C68C2C2AEB50FA00576FA8 /* ViewController.swift */,
			);
			path = ViewController;
			sourceTree = "<group>";
		};
		B5BFCAD32BC4183F00D62D11 /* Delegate */ = {
			isa = PBXGroup;
			children = (
				B5C68C2A2AEB50FA00576FA8 /* SceneDelegate.swift */,
				B5C68C282AEB50FA00576FA8 /* AppDelegate.swift */,
			);
			path = Delegate;
			sourceTree = "<group>";
		};
		B5BFCAD42BC4187000D62D11 /* Cell */ = {
			isa = PBXGroup;
			children = (
				B5BFCACE2BC3E42800D62D11 /* CustomCollectionHeaderReusableView.swift */,
				B5EC2E9B2BBEAA9900ABB935 /* CollectionViewCell.swift */,
			);
			path = Cell;
			sourceTree = "<group>";
		};
		B5BFCAD62BC418C600D62D11 /* Images */ = {
			isa = PBXGroup;
			children = (
				B5BFCADB2BC4222200D62D11 /* checkboxImage_filled.png */,
				B5BFCADC2BC4222200D62D11 /* checkboxImage.png */,
			);
			path = Images;
			sourceTree = "<group>";
		};
		B5C68C1C2AEB50FA00576FA8 = {
			isa = PBXGroup;
			children = (
				B5C68C272AEB50FA00576FA8 /* DaumSports */,
				B5C68C3E2AEB50FB00576FA8 /* DaumSportsTests */,
				B5C68C482AEB50FB00576FA8 /* DaumSportsUITests */,
				B5C68C262AEB50FA00576FA8 /* Products */,
				39EC2849319B47A65C9DEC8E /* Pods */,
				9839D3346B1804BD0ECE711B /* Frameworks */,
			);
			sourceTree = "<group>";
		};
		B5C68C262AEB50FA00576FA8 /* Products */ = {
			isa = PBXGroup;
			children = (
				B5C68C252AEB50FA00576FA8 /* DaumSports.app */,
				B5C68C3B2AEB50FB00576FA8 /* DaumSportsTests.xctest */,
				B5C68C452AEB50FB00576FA8 /* DaumSportsUITests.xctest */,
			);
			name = Products;
			sourceTree = "<group>";
		};
		B5C68C272AEB50FA00576FA8 /* DaumSports */ = {
			isa = PBXGroup;
			children = (
				B5BFCAD32BC4183F00D62D11 /* Delegate */,
				B5BFCAD12BC4182A00D62D11 /* ViewModel */,
				B5BFCAD02BC4181E00D62D11 /* Model */,
				B5BFCAD22BC4183100D62D11 /* ViewController */,
				B5BFCAD42BC4187000D62D11 /* Cell */,
				B5C68C312AEB50FB00576FA8 /* Assets.xcassets */,
				B5BFCAD62BC418C600D62D11 /* Images */,
				B5C68C332AEB50FB00576FA8 /* LaunchScreen.storyboard */,
				B5C68C362AEB50FB00576FA8 /* Info.plist */,
			);
			path = DaumSports;
			sourceTree = "<group>";
		};
		B5C68C3E2AEB50FB00576FA8 /* DaumSportsTests */ = {
			isa = PBXGroup;
			children = (
				B5C68C3F2AEB50FB00576FA8 /* DaumSportsTests.swift */,
			);
			path = DaumSportsTests;
			sourceTree = "<group>";
		};
		B5C68C482AEB50FB00576FA8 /* DaumSportsUITests */ = {
			isa = PBXGroup;
			children = (
				B5C68C492AEB50FB00576FA8 /* DaumSportsUITests.swift */,
				B5C68C4B2AEB50FB00576FA8 /* DaumSportsUITestsLaunchTests.swift */,
			);
			path = DaumSportsUITests;
			sourceTree = "<group>";
		};
/* End PBXGroup section */

/* Begin PBXNativeTarget section */
		B5C68C242AEB50FA00576FA8 /* DaumSports */ = {
			isa = PBXNativeTarget;
			buildConfigurationList = B5C68C4F2AEB50FB00576FA8 /* Build configuration list for PBXNativeTarget "DaumSports" */;
			buildPhases = (
				5B95B1431FE0FEDAC3A8C05D /* [CP] Check Pods Manifest.lock */,
				B5C68C212AEB50FA00576FA8 /* Sources */,
				B5C68C222AEB50FA00576FA8 /* Frameworks */,
				B5C68C232AEB50FA00576FA8 /* Resources */,
				C95D59D85049175F1FA64F44 /* [CP] Embed Pods Frameworks */,
			);
			buildRules = (
			);
			dependencies = (
			);
			name = DaumSports;
			productName = DaumSports;
			productReference = B5C68C252AEB50FA00576FA8 /* DaumSports.app */;
			productType = "com.apple.product-type.application";
		};
		B5C68C3A2AEB50FB00576FA8 /* DaumSportsTests */ = {
			isa = PBXNativeTarget;
			buildConfigurationList = B5C68C522AEB50FB00576FA8 /* Build configuration list for PBXNativeTarget "DaumSportsTests" */;
			buildPhases = (
				722E7AA3FDC111F4BCCEE6AB /* [CP] Check Pods Manifest.lock */,
				B5C68C372AEB50FB00576FA8 /* Sources */,
				B5C68C382AEB50FB00576FA8 /* Frameworks */,
				B5C68C392AEB50FB00576FA8 /* Resources */,
			);
			buildRules = (
			);
			dependencies = (
				B5C68C3D2AEB50FB00576FA8 /* PBXTargetDependency */,
			);
			name = DaumSportsTests;
			productName = DaumSportsTests;
			productReference = B5C68C3B2AEB50FB00576FA8 /* DaumSportsTests.xctest */;
			productType = "com.apple.product-type.bundle.unit-test";
		};
		B5C68C442AEB50FB00576FA8 /* DaumSportsUITests */ = {
			isa = PBXNativeTarget;
			buildConfigurationList = B5C68C552AEB50FB00576FA8 /* Build configuration list for PBXNativeTarget "DaumSportsUITests" */;
			buildPhases = (
				124CDD80D4DDEFC537B25757 /* [CP] Check Pods Manifest.lock */,
				B5C68C412AEB50FB00576FA8 /* Sources */,
				B5C68C422AEB50FB00576FA8 /* Frameworks */,
				B5C68C432AEB50FB00576FA8 /* Resources */,
				04E49C2A1412112C3209FD3B /* [CP] Embed Pods Frameworks */,
			);
			buildRules = (
			);
			dependencies = (
				B5C68C472AEB50FB00576FA8 /* PBXTargetDependency */,
			);
			name = DaumSportsUITests;
			productName = DaumSportsUITests;
			productReference = B5C68C452AEB50FB00576FA8 /* DaumSportsUITests.xctest */;
			productType = "com.apple.product-type.bundle.ui-testing";
		};
/* End PBXNativeTarget section */

/* Begin PBXProject section */
		B5C68C1D2AEB50FA00576FA8 /* Project object */ = {
			isa = PBXProject;
			attributes = {
				BuildIndependentTargetsInParallel = 1;
				LastSwiftUpdateCheck = 1430;
				LastUpgradeCheck = 1430;
				TargetAttributes = {
					B5C68C242AEB50FA00576FA8 = {
						CreatedOnToolsVersion = 14.3.1;
					};
					B5C68C3A2AEB50FB00576FA8 = {
						CreatedOnToolsVersion = 14.3.1;
						TestTargetID = B5C68C242AEB50FA00576FA8;
					};
					B5C68C442AEB50FB00576FA8 = {
						CreatedOnToolsVersion = 14.3.1;
						TestTargetID = B5C68C242AEB50FA00576FA8;
					};
				};
			};
			buildConfigurationList = B5C68C202AEB50FA00576FA8 /* Build configuration list for PBXProject "DaumSports" */;
			compatibilityVersion = "Xcode 14.0";
			developmentRegion = en;
			hasScannedForEncodings = 0;
			knownRegions = (
				en,
				Base,
			);
			mainGroup = B5C68C1C2AEB50FA00576FA8;
			productRefGroup = B5C68C262AEB50FA00576FA8 /* Products */;
			projectDirPath = "";
			projectRoot = "";
			targets = (
				B5C68C242AEB50FA00576FA8 /* DaumSports */,
				B5C68C3A2AEB50FB00576FA8 /* DaumSportsTests */,
				B5C68C442AEB50FB00576FA8 /* DaumSportsUITests */,
			);
		};
/* End PBXProject section */

/* Begin PBXResourcesBuildPhase section */
		B5C68C232AEB50FA00576FA8 /* Resources */ = {
			isa = PBXResourcesBuildPhase;
			buildActionMask = 2147483647;
			files = (
				B5BFCADD2BC4222200D62D11 /* checkboxImage_filled.png in Resources */,
				B5C68C352AEB50FB00576FA8 /* LaunchScreen.storyboard in Resources */,
				B5BFCADE2BC4222200D62D11 /* checkboxImage.png in Resources */,
				B5C68C322AEB50FB00576FA8 /* Assets.xcassets in Resources */,
			);
			runOnlyForDeploymentPostprocessing = 0;
		};
		B5C68C392AEB50FB00576FA8 /* Resources */ = {
			isa = PBXResourcesBuildPhase;
			buildActionMask = 2147483647;
			files = (
			);
			runOnlyForDeploymentPostprocessing = 0;
		};
		B5C68C432AEB50FB00576FA8 /* Resources */ = {
			isa = PBXResourcesBuildPhase;
			buildActionMask = 2147483647;
			files = (
			);
			runOnlyForDeploymentPostprocessing = 0;
		};
/* End PBXResourcesBuildPhase section */

/* Begin PBXShellScriptBuildPhase section */
		04E49C2A1412112C3209FD3B /* [CP] Embed Pods Frameworks */ = {
			isa = PBXShellScriptBuildPhase;
			buildActionMask = 2147483647;
			files = (
			);
			inputFileListPaths = (
				"${PODS_ROOT}/Target Support Files/Pods-DaumSports-DaumSportsUITests/Pods-DaumSports-DaumSportsUITests-frameworks-${CONFIGURATION}-input-files.xcfilelist",
			);
			name = "[CP] Embed Pods Frameworks";
			outputFileListPaths = (
				"${PODS_ROOT}/Target Support Files/Pods-DaumSports-DaumSportsUITests/Pods-DaumSports-DaumSportsUITests-frameworks-${CONFIGURATION}-output-files.xcfilelist",
			);
			runOnlyForDeploymentPostprocessing = 0;
			shellPath = /bin/sh;
			shellScript = "\"${PODS_ROOT}/Target Support Files/Pods-DaumSports-DaumSportsUITests/Pods-DaumSports-DaumSportsUITests-frameworks.sh\"\n";
			showEnvVarsInLog = 0;
		};
		124CDD80D4DDEFC537B25757 /* [CP] Check Pods Manifest.lock */ = {
			isa = PBXShellScriptBuildPhase;
			buildActionMask = 2147483647;
			files = (
			);
			inputFileListPaths = (
			);
			inputPaths = (
				"${PODS_PODFILE_DIR_PATH}/Podfile.lock",
				"${PODS_ROOT}/Manifest.lock",
			);
			name = "[CP] Check Pods Manifest.lock";
			outputFileListPaths = (
			);
			outputPaths = (
				"$(DERIVED_FILE_DIR)/Pods-DaumSports-DaumSportsUITests-checkManifestLockResult.txt",
			);
			runOnlyForDeploymentPostprocessing = 0;
			shellPath = /bin/sh;
			shellScript = "diff \"${PODS_PODFILE_DIR_PATH}/Podfile.lock\" \"${PODS_ROOT}/Manifest.lock\" > /dev/null\nif [ $? != 0 ] ; then\n    # print error to STDERR\n    echo \"error: The sandbox is not in sync with the Podfile.lock. Run 'pod install' or update your CocoaPods installation.\" >&2\n    exit 1\nfi\n# This output is used by Xcode 'outputs' to avoid re-running this script phase.\necho \"SUCCESS\" > \"${SCRIPT_OUTPUT_FILE_0}\"\n";
			showEnvVarsInLog = 0;
		};
		5B95B1431FE0FEDAC3A8C05D /* [CP] Check Pods Manifest.lock */ = {
			isa = PBXShellScriptBuildPhase;
			buildActionMask = 2147483647;
			files = (
			);
			inputFileListPaths = (
			);
			inputPaths = (
				"${PODS_PODFILE_DIR_PATH}/Podfile.lock",
				"${PODS_ROOT}/Manifest.lock",
			);
			name = "[CP] Check Pods Manifest.lock";
			outputFileListPaths = (
			);
			outputPaths = (
				"$(DERIVED_FILE_DIR)/Pods-DaumSports-checkManifestLockResult.txt",
			);
			runOnlyForDeploymentPostprocessing = 0;
			shellPath = /bin/sh;
			shellScript = "diff \"${PODS_PODFILE_DIR_PATH}/Podfile.lock\" \"${PODS_ROOT}/Manifest.lock\" > /dev/null\nif [ $? != 0 ] ; then\n    # print error to STDERR\n    echo \"error: The sandbox is not in sync with the Podfile.lock. Run 'pod install' or update your CocoaPods installation.\" >&2\n    exit 1\nfi\n# This output is used by Xcode 'outputs' to avoid re-running this script phase.\necho \"SUCCESS\" > \"${SCRIPT_OUTPUT_FILE_0}\"\n";
			showEnvVarsInLog = 0;
		};
		722E7AA3FDC111F4BCCEE6AB /* [CP] Check Pods Manifest.lock */ = {
			isa = PBXShellScriptBuildPhase;
			buildActionMask = 2147483647;
			files = (
			);
			inputFileListPaths = (
			);
			inputPaths = (
				"${PODS_PODFILE_DIR_PATH}/Podfile.lock",
				"${PODS_ROOT}/Manifest.lock",
			);
			name = "[CP] Check Pods Manifest.lock";
			outputFileListPaths = (
			);
			outputPaths = (
				"$(DERIVED_FILE_DIR)/Pods-DaumSportsTests-checkManifestLockResult.txt",
			);
			runOnlyForDeploymentPostprocessing = 0;
			shellPath = /bin/sh;
			shellScript = "diff \"${PODS_PODFILE_DIR_PATH}/Podfile.lock\" \"${PODS_ROOT}/Manifest.lock\" > /dev/null\nif [ $? != 0 ] ; then\n    # print error to STDERR\n    echo \"error: The sandbox is not in sync with the Podfile.lock. Run 'pod install' or update your CocoaPods installation.\" >&2\n    exit 1\nfi\n# This output is used by Xcode 'outputs' to avoid re-running this script phase.\necho \"SUCCESS\" > \"${SCRIPT_OUTPUT_FILE_0}\"\n";
			showEnvVarsInLog = 0;
		};
		C95D59D85049175F1FA64F44 /* [CP] Embed Pods Frameworks */ = {
			isa = PBXShellScriptBuildPhase;
			buildActionMask = 2147483647;
			files = (
			);
			inputFileListPaths = (
				"${PODS_ROOT}/Target Support Files/Pods-DaumSports/Pods-DaumSports-frameworks-${CONFIGURATION}-input-files.xcfilelist",
			);
			name = "[CP] Embed Pods Frameworks";
			outputFileListPaths = (
				"${PODS_ROOT}/Target Support Files/Pods-DaumSports/Pods-DaumSports-frameworks-${CONFIGURATION}-output-files.xcfilelist",
			);
			runOnlyForDeploymentPostprocessing = 0;
			shellPath = /bin/sh;
			shellScript = "\"${PODS_ROOT}/Target Support Files/Pods-DaumSports/Pods-DaumSports-frameworks.sh\"\n";
			showEnvVarsInLog = 0;
		};
/* End PBXShellScriptBuildPhase section */

/* Begin PBXSourcesBuildPhase section */
		B5C68C212AEB50FA00576FA8 /* Sources */ = {
			isa = PBXSourcesBuildPhase;
			buildActionMask = 2147483647;
			files = (
				B5C68C2D2AEB50FA00576FA8 /* ViewController.swift in Sources */,
				B5C68C292AEB50FA00576FA8 /* AppDelegate.swift in Sources */,
				B5BFCACF2BC3E42800D62D11 /* CustomCollectionHeaderReusableView.swift in Sources */,
				B5EC2E9C2BBEAA9900ABB935 /* CollectionViewCell.swift in Sources */,
				B5C68C2B2AEB50FA00576FA8 /* SceneDelegate.swift in Sources */,
				B5B363302BBC335700C47759 /* ViewModel.swift in Sources */,
				B5C68C592AEBD96A00576FA8 /* Model.swift in Sources */,
			);
			runOnlyForDeploymentPostprocessing = 0;
		};
		B5C68C372AEB50FB00576FA8 /* Sources */ = {
			isa = PBXSourcesBuildPhase;
			buildActionMask = 2147483647;
			files = (
				B5C68C402AEB50FB00576FA8 /* DaumSportsTests.swift in Sources */,
			);
			runOnlyForDeploymentPostprocessing = 0;
		};
		B5C68C412AEB50FB00576FA8 /* Sources */ = {
			isa = PBXSourcesBuildPhase;
			buildActionMask = 2147483647;
			files = (
				B5C68C4C2AEB50FB00576FA8 /* DaumSportsUITestsLaunchTests.swift in Sources */,
				B5C68C4A2AEB50FB00576FA8 /* DaumSportsUITests.swift in Sources */,
			);
			runOnlyForDeploymentPostprocessing = 0;
		};
/* End PBXSourcesBuildPhase section */

/* Begin PBXTargetDependency section */
		B5C68C3D2AEB50FB00576FA8 /* PBXTargetDependency */ = {
			isa = PBXTargetDependency;
			target = B5C68C242AEB50FA00576FA8 /* DaumSports */;
			targetProxy = B5C68C3C2AEB50FB00576FA8 /* PBXContainerItemProxy */;
		};
		B5C68C472AEB50FB00576FA8 /* PBXTargetDependency */ = {
			isa = PBXTargetDependency;
			target = B5C68C242AEB50FA00576FA8 /* DaumSports */;
			targetProxy = B5C68C462AEB50FB00576FA8 /* PBXContainerItemProxy */;
		};
/* End PBXTargetDependency section */

/* Begin PBXVariantGroup section */
		B5C68C332AEB50FB00576FA8 /* LaunchScreen.storyboard */ = {
			isa = PBXVariantGroup;
			children = (
				B5C68C342AEB50FB00576FA8 /* Base */,
			);
			name = LaunchScreen.storyboard;
			sourceTree = "<group>";
		};
/* End PBXVariantGroup section */

/* Begin XCBuildConfiguration section */
		B5C68C4D2AEB50FB00576FA8 /* Debug */ = {
			isa = XCBuildConfiguration;
			buildSettings = {
				ALWAYS_SEARCH_USER_PATHS = NO;
				CLANG_ANALYZER_NONNULL = YES;
				CLANG_ANALYZER_NUMBER_OBJECT_CONVERSION = YES_AGGRESSIVE;
				CLANG_CXX_LANGUAGE_STANDARD = "gnu++20";
				CLANG_ENABLE_MODULES = YES;
				CLANG_ENABLE_OBJC_ARC = YES;
				CLANG_ENABLE_OBJC_WEAK = YES;
				CLANG_WARN_BLOCK_CAPTURE_AUTORELEASING = YES;
				CLANG_WARN_BOOL_CONVERSION = YES;
				CLANG_WARN_COMMA = YES;
				CLANG_WARN_CONSTANT_CONVERSION = YES;
				CLANG_WARN_DEPRECATED_OBJC_IMPLEMENTATIONS = YES;
				CLANG_WARN_DIRECT_OBJC_ISA_USAGE = YES_ERROR;
				CLANG_WARN_DOCUMENTATION_COMMENTS = YES;
				CLANG_WARN_EMPTY_BODY = YES;
				CLANG_WARN_ENUM_CONVERSION = YES;
				CLANG_WARN_INFINITE_RECURSION = YES;
				CLANG_WARN_INT_CONVERSION = YES;
				CLANG_WARN_NON_LITERAL_NULL_CONVERSION = YES;
				CLANG_WARN_OBJC_IMPLICIT_RETAIN_SELF = YES;
				CLANG_WARN_OBJC_LITERAL_CONVERSION = YES;
				CLANG_WARN_OBJC_ROOT_CLASS = YES_ERROR;
				CLANG_WARN_QUOTED_INCLUDE_IN_FRAMEWORK_HEADER = YES;
				CLANG_WARN_RANGE_LOOP_ANALYSIS = YES;
				CLANG_WARN_STRICT_PROTOTYPES = YES;
				CLANG_WARN_SUSPICIOUS_MOVE = YES;
				CLANG_WARN_UNGUARDED_AVAILABILITY = YES_AGGRESSIVE;
				CLANG_WARN_UNREACHABLE_CODE = YES;
				CLANG_WARN__DUPLICATE_METHOD_MATCH = YES;
				COPY_PHASE_STRIP = NO;
				DEBUG_INFORMATION_FORMAT = dwarf;
				ENABLE_STRICT_OBJC_MSGSEND = YES;
				ENABLE_TESTABILITY = YES;
				GCC_C_LANGUAGE_STANDARD = gnu11;
				GCC_DYNAMIC_NO_PIC = NO;
				GCC_NO_COMMON_BLOCKS = YES;
				GCC_OPTIMIZATION_LEVEL = 0;
				GCC_PREPROCESSOR_DEFINITIONS = (
					"DEBUG=1",
					"$(inherited)",
				);
				GCC_WARN_64_TO_32_BIT_CONVERSION = YES;
				GCC_WARN_ABOUT_RETURN_TYPE = YES_ERROR;
				GCC_WARN_UNDECLARED_SELECTOR = YES;
				GCC_WARN_UNINITIALIZED_AUTOS = YES_AGGRESSIVE;
				GCC_WARN_UNUSED_FUNCTION = YES;
				GCC_WARN_UNUSED_VARIABLE = YES;
				IPHONEOS_DEPLOYMENT_TARGET = 16.4;
				MTL_ENABLE_DEBUG_INFO = INCLUDE_SOURCE;
				MTL_FAST_MATH = YES;
				ONLY_ACTIVE_ARCH = YES;
				SDKROOT = iphoneos;
				SWIFT_ACTIVE_COMPILATION_CONDITIONS = DEBUG;
				SWIFT_OPTIMIZATION_LEVEL = "-Onone";
			};
			name = Debug;
		};
		B5C68C4E2AEB50FB00576FA8 /* Release */ = {
			isa = XCBuildConfiguration;
			buildSettings = {
				ALWAYS_SEARCH_USER_PATHS = NO;
				CLANG_ANALYZER_NONNULL = YES;
				CLANG_ANALYZER_NUMBER_OBJECT_CONVERSION = YES_AGGRESSIVE;
				CLANG_CXX_LANGUAGE_STANDARD = "gnu++20";
				CLANG_ENABLE_MODULES = YES;
				CLANG_ENABLE_OBJC_ARC = YES;
				CLANG_ENABLE_OBJC_WEAK = YES;
				CLANG_WARN_BLOCK_CAPTURE_AUTORELEASING = YES;
				CLANG_WARN_BOOL_CONVERSION = YES;
				CLANG_WARN_COMMA = YES;
				CLANG_WARN_CONSTANT_CONVERSION = YES;
				CLANG_WARN_DEPRECATED_OBJC_IMPLEMENTATIONS = YES;
				CLANG_WARN_DIRECT_OBJC_ISA_USAGE = YES_ERROR;
				CLANG_WARN_DOCUMENTATION_COMMENTS = YES;
				CLANG_WARN_EMPTY_BODY = YES;
				CLANG_WARN_ENUM_CONVERSION = YES;
				CLANG_WARN_INFINITE_RECURSION = YES;
				CLANG_WARN_INT_CONVERSION = YES;
				CLANG_WARN_NON_LITERAL_NULL_CONVERSION = YES;
				CLANG_WARN_OBJC_IMPLICIT_RETAIN_SELF = YES;
				CLANG_WARN_OBJC_LITERAL_CONVERSION = YES;
				CLANG_WARN_OBJC_ROOT_CLASS = YES_ERROR;
				CLANG_WARN_QUOTED_INCLUDE_IN_FRAMEWORK_HEADER = YES;
				CLANG_WARN_RANGE_LOOP_ANALYSIS = YES;
				CLANG_WARN_STRICT_PROTOTYPES = YES;
				CLANG_WARN_SUSPICIOUS_MOVE = YES;
				CLANG_WARN_UNGUARDED_AVAILABILITY = YES_AGGRESSIVE;
				CLANG_WARN_UNREACHABLE_CODE = YES;
				CLANG_WARN__DUPLICATE_METHOD_MATCH = YES;
				COPY_PHASE_STRIP = NO;
				DEBUG_INFORMATION_FORMAT = "dwarf-with-dsym";
				ENABLE_NS_ASSERTIONS = NO;
				ENABLE_STRICT_OBJC_MSGSEND = YES;
				GCC_C_LANGUAGE_STANDARD = gnu11;
				GCC_NO_COMMON_BLOCKS = YES;
				GCC_WARN_64_TO_32_BIT_CONVERSION = YES;
				GCC_WARN_ABOUT_RETURN_TYPE = YES_ERROR;
				GCC_WARN_UNDECLARED_SELECTOR = YES;
				GCC_WARN_UNINITIALIZED_AUTOS = YES_AGGRESSIVE;
				GCC_WARN_UNUSED_FUNCTION = YES;
				GCC_WARN_UNUSED_VARIABLE = YES;
				IPHONEOS_DEPLOYMENT_TARGET = 16.4;
				MTL_ENABLE_DEBUG_INFO = NO;
				MTL_FAST_MATH = YES;
				SDKROOT = iphoneos;
				SWIFT_COMPILATION_MODE = wholemodule;
				SWIFT_OPTIMIZATION_LEVEL = "-O";
				VALIDATE_PRODUCT = YES;
			};
			name = Release;
		};
		B5C68C502AEB50FB00576FA8 /* Debug */ = {
			isa = XCBuildConfiguration;
			baseConfigurationReference = 0A4FA16BE238BFCBF50D0E6C /* Pods-DaumSports.debug.xcconfig */;
			buildSettings = {
				ASSETCATALOG_COMPILER_APPICON_NAME = AppIcon;
				ASSETCATALOG_COMPILER_GLOBAL_ACCENT_COLOR_NAME = AccentColor;
				CODE_SIGN_STYLE = Automatic;
				CURRENT_PROJECT_VERSION = 1;
				DEVELOPMENT_TEAM = M82N55553U;
				GENERATE_INFOPLIST_FILE = YES;
				INFOPLIST_FILE = DaumSports/Info.plist;
				INFOPLIST_KEY_UIApplicationSupportsIndirectInputEvents = YES;
				INFOPLIST_KEY_UILaunchStoryboardName = LaunchScreen;
				INFOPLIST_KEY_UIMainStoryboardFile = "";
				INFOPLIST_KEY_UISupportedInterfaceOrientations_iPad = "UIInterfaceOrientationPortrait UIInterfaceOrientationPortraitUpsideDown UIInterfaceOrientationLandscapeLeft UIInterfaceOrientationLandscapeRight";
				INFOPLIST_KEY_UISupportedInterfaceOrientations_iPhone = "UIInterfaceOrientationPortrait UIInterfaceOrientationLandscapeLeft UIInterfaceOrientationLandscapeRight";
				LD_RUNPATH_SEARCH_PATHS = (
					"$(inherited)",
					"@executable_path/Frameworks",
				);
				MARKETING_VERSION = 1.0;
				PRODUCT_BUNDLE_IDENTIFIER = minjae.DaumSports;
				PRODUCT_NAME = "$(TARGET_NAME)";
				SWIFT_EMIT_LOC_STRINGS = YES;
				SWIFT_VERSION = 5.0;
				TARGETED_DEVICE_FAMILY = "1,2";
			};
			name = Debug;
		};
		B5C68C512AEB50FB00576FA8 /* Release */ = {
			isa = XCBuildConfiguration;
			baseConfigurationReference = 03331B0D0D5B7A6EA07E370C /* Pods-DaumSports.release.xcconfig */;
			buildSettings = {
				ASSETCATALOG_COMPILER_APPICON_NAME = AppIcon;
				ASSETCATALOG_COMPILER_GLOBAL_ACCENT_COLOR_NAME = AccentColor;
				CODE_SIGN_STYLE = Automatic;
				CURRENT_PROJECT_VERSION = 1;
				DEVELOPMENT_TEAM = M82N55553U;
				GENERATE_INFOPLIST_FILE = YES;
				INFOPLIST_FILE = DaumSports/Info.plist;
				INFOPLIST_KEY_UIApplicationSupportsIndirectInputEvents = YES;
				INFOPLIST_KEY_UILaunchStoryboardName = LaunchScreen;
				INFOPLIST_KEY_UIMainStoryboardFile = "";
				INFOPLIST_KEY_UISupportedInterfaceOrientations_iPad = "UIInterfaceOrientationPortrait UIInterfaceOrientationPortraitUpsideDown UIInterfaceOrientationLandscapeLeft UIInterfaceOrientationLandscapeRight";
				INFOPLIST_KEY_UISupportedInterfaceOrientations_iPhone = "UIInterfaceOrientationPortrait UIInterfaceOrientationLandscapeLeft UIInterfaceOrientationLandscapeRight";
				LD_RUNPATH_SEARCH_PATHS = (
					"$(inherited)",
					"@executable_path/Frameworks",
				);
				MARKETING_VERSION = 1.0;
				PRODUCT_BUNDLE_IDENTIFIER = minjae.DaumSports;
				PRODUCT_NAME = "$(TARGET_NAME)";
				SWIFT_EMIT_LOC_STRINGS = YES;
				SWIFT_VERSION = 5.0;
				TARGETED_DEVICE_FAMILY = "1,2";
			};
			name = Release;
		};
		B5C68C532AEB50FB00576FA8 /* Debug */ = {
			isa = XCBuildConfiguration;
			baseConfigurationReference = C5305393863C7D4517EBA956 /* Pods-DaumSportsTests.debug.xcconfig */;
			buildSettings = {
				ALWAYS_EMBED_SWIFT_STANDARD_LIBRARIES = YES;
				BUNDLE_LOADER = "$(TEST_HOST)";
				CODE_SIGN_STYLE = Automatic;
				CURRENT_PROJECT_VERSION = 1;
				DEVELOPMENT_TEAM = M82N55553U;
				GENERATE_INFOPLIST_FILE = YES;
				IPHONEOS_DEPLOYMENT_TARGET = 16.4;
				MARKETING_VERSION = 1.0;
				PRODUCT_BUNDLE_IDENTIFIER = minjae.DaumSportsTests;
				PRODUCT_NAME = "$(TARGET_NAME)";
				SWIFT_EMIT_LOC_STRINGS = NO;
				SWIFT_VERSION = 5.0;
				TARGETED_DEVICE_FAMILY = "1,2";
				TEST_HOST = "$(BUILT_PRODUCTS_DIR)/DaumSports.app/$(BUNDLE_EXECUTABLE_FOLDER_PATH)/DaumSports";
			};
			name = Debug;
		};
		B5C68C542AEB50FB00576FA8 /* Release */ = {
			isa = XCBuildConfiguration;
			baseConfigurationReference = 6C2D67FFE89BC8416D11F33F /* Pods-DaumSportsTests.release.xcconfig */;
			buildSettings = {
				ALWAYS_EMBED_SWIFT_STANDARD_LIBRARIES = YES;
				BUNDLE_LOADER = "$(TEST_HOST)";
				CODE_SIGN_STYLE = Automatic;
				CURRENT_PROJECT_VERSION = 1;
				DEVELOPMENT_TEAM = M82N55553U;
				GENERATE_INFOPLIST_FILE = YES;
				IPHONEOS_DEPLOYMENT_TARGET = 16.4;
				MARKETING_VERSION = 1.0;
				PRODUCT_BUNDLE_IDENTIFIER = minjae.DaumSportsTests;
				PRODUCT_NAME = "$(TARGET_NAME)";
				SWIFT_EMIT_LOC_STRINGS = NO;
				SWIFT_VERSION = 5.0;
				TARGETED_DEVICE_FAMILY = "1,2";
				TEST_HOST = "$(BUILT_PRODUCTS_DIR)/DaumSports.app/$(BUNDLE_EXECUTABLE_FOLDER_PATH)/DaumSports";
			};
			name = Release;
		};
		B5C68C562AEB50FB00576FA8 /* Debug */ = {
			isa = XCBuildConfiguration;
			baseConfigurationReference = 9F5BA38DB6DFD8C8F91B8CFC /* Pods-DaumSports-DaumSportsUITests.debug.xcconfig */;
			buildSettings = {
				ALWAYS_EMBED_SWIFT_STANDARD_LIBRARIES = YES;
				CODE_SIGN_STYLE = Automatic;
				CURRENT_PROJECT_VERSION = 1;
				DEVELOPMENT_TEAM = M82N55553U;
				GENERATE_INFOPLIST_FILE = YES;
				MARKETING_VERSION = 1.0;
				PRODUCT_BUNDLE_IDENTIFIER = minjae.DaumSportsUITests;
				PRODUCT_NAME = "$(TARGET_NAME)";
				SWIFT_EMIT_LOC_STRINGS = NO;
				SWIFT_VERSION = 5.0;
				TARGETED_DEVICE_FAMILY = "1,2";
				TEST_TARGET_NAME = DaumSports;
			};
			name = Debug;
		};
		B5C68C572AEB50FB00576FA8 /* Release */ = {
			isa = XCBuildConfiguration;
			baseConfigurationReference = B6A2F3AE03AA7DE2642A5592 /* Pods-DaumSports-DaumSportsUITests.release.xcconfig */;
			buildSettings = {
				ALWAYS_EMBED_SWIFT_STANDARD_LIBRARIES = YES;
				CODE_SIGN_STYLE = Automatic;
				CURRENT_PROJECT_VERSION = 1;
				DEVELOPMENT_TEAM = M82N55553U;
				GENERATE_INFOPLIST_FILE = YES;
				MARKETING_VERSION = 1.0;
				PRODUCT_BUNDLE_IDENTIFIER = minjae.DaumSportsUITests;
				PRODUCT_NAME = "$(TARGET_NAME)";
				SWIFT_EMIT_LOC_STRINGS = NO;
				SWIFT_VERSION = 5.0;
				TARGETED_DEVICE_FAMILY = "1,2";
				TEST_TARGET_NAME = DaumSports;
			};
			name = Release;
		};
/* End XCBuildConfiguration section */

/* Begin XCConfigurationList section */
		B5C68C202AEB50FA00576FA8 /* Build configuration list for PBXProject "DaumSports" */ = {
			isa = XCConfigurationList;
			buildConfigurations = (
				B5C68C4D2AEB50FB00576FA8 /* Debug */,
				B5C68C4E2AEB50FB00576FA8 /* Release */,
			);
			defaultConfigurationIsVisible = 0;
			defaultConfigurationName = Release;
		};
		B5C68C4F2AEB50FB00576FA8 /* Build configuration list for PBXNativeTarget "DaumSports" */ = {
			isa = XCConfigurationList;
			buildConfigurations = (
				B5C68C502AEB50FB00576FA8 /* Debug */,
				B5C68C512AEB50FB00576FA8 /* Release */,
			);
			defaultConfigurationIsVisible = 0;
			defaultConfigurationName = Release;
		};
		B5C68C522AEB50FB00576FA8 /* Build configuration list for PBXNativeTarget "DaumSportsTests" */ = {
			isa = XCConfigurationList;
			buildConfigurations = (
				B5C68C532AEB50FB00576FA8 /* Debug */,
				B5C68C542AEB50FB00576FA8 /* Release */,
			);
			defaultConfigurationIsVisible = 0;
			defaultConfigurationName = Release;
		};
		B5C68C552AEB50FB00576FA8 /* Build configuration list for PBXNativeTarget "DaumSportsUITests" */ = {
			isa = XCConfigurationList;
			buildConfigurations = (
				B5C68C562AEB50FB00576FA8 /* Debug */,
				B5C68C572AEB50FB00576FA8 /* Release */,
			);
			defaultConfigurationIsVisible = 0;
			defaultConfigurationName = Release;
		};
/* End XCConfigurationList section */
	};
	rootObject = B5C68C1D2AEB50FA00576FA8 /* Project object */;
}
